
Microsoft Visual Studio Solution File, Format Version 12.00
# Visual Studio Version 17
VisualStudioVersion = 17.6.33829.357
MinimumVisualStudioVersion = 10.0.40219.1
Project("{FAE04EC0-301F-11D3-BF4B-00C04F79EFBC}") = "CQRSAndMediatRDemo", "CQRSAndMediatRDemo\CQRSAndMediatRDemo.csproj", "{47F9971D-4780-4CF6-BE9E-6D3D6BD1E2EF}"
EndProject
Project("{2150E333-8FDC-42A3-9474-1A3956D46DE8}") = "Solution Items", "Solution Items", "{87F0C08A-46DC-4B69-8E91-19F7A1D852FB}"
	ProjectSection(SolutionItems) = preProject
		.editorconfig = .editorconfig
	EndProjectSection
EndProject
Global
	GlobalSection(SolutionConfigurationPlatforms) = preSolution
		Debug|Any CPU = Debug|Any CPU
		Release|Any CPU = Release|Any CPU
	EndGlobalSection
	GlobalSection(ProjectConfigurationPlatforms) = postSolution
		{47F9971D-4780-4CF6-BE9E-6D3D6BD1E2EF}.Debug|Any CPU.ActiveCfg = Debug|Any CPU
		{47F9971D-4780-4CF6-BE9E-6D3D6BD1E2EF}.Debug|Any CPU.Build.0 = Debug|Any CPU
		{47F9971D-4780-4CF6-BE9E-6D3D6BD1E2EF}.Release|Any CPU.ActiveCfg = Release|Any CPU
		{47F9971D-4780-4CF6-BE9E-6D3D6BD1E2EF}.Release|Any CPU.Build.0 = Release|Any CPU
	EndGlobalSection
	GlobalSection(SolutionProperties) = preSolution
		HideSolutionNode = FALSE
	EndGlobalSection
	GlobalSection(ExtensibilityGlobals) = postSolution
		SolutionGuid = {CB54FB15-1C92-474F-A44D-0C200BB9E3AC}
	EndGlobalSection
EndGlobal
